{
  "requires": true,
  "lockfileVersion": 1,
  "dependencies": {
    "html5sortable": {
      "version": "0.9.16",
      "resolved": "https://registry.npmjs.org/html5sortable/-/html5sortable-0.9.16.tgz",
      "integrity": "sha512-GjCFl7w+Z6bQNs6lU5fhPqLoC5aRbFbQtL9rgqGR3Fs0GCRCrGjoRusZkhWaQpMr4eN25BlkviYA2nH+hFnDoA=="
    }
  }
}
